
Microsoft Visual Studio Solution File, Format Version 12.00
# Visual Studio Version 16
VisualStudioVersion = 16.0.29230.61
MinimumVisualStudioVersion = 10.0.40219.1
Project("{9A19103F-16F7-4668-BE54-9A1E7A4F7556}") = "msacbulkimport", "msacbulkimport\msacbulkimport.csproj", "{D56271C7-A315-4BC1-9528-726D74B91324}"
EndProject
Project("{2150E333-8FDC-42A3-9474-1A3956D46DE8}") = "Solution Items", "Solution Items", "{128E9B00-8510-44F4-A7A5-AAB9235F4F81}"
	ProjectSection(SolutionItems) = preProject
		LICENSE = LICENSE
		README.md = README.md
	EndProjectSection
EndProject
Global
	GlobalSection(SolutionConfigurationPlatforms) = preSolution
		Debug|Any CPU = Debug|Any CPU
		Release|Any CPU = Release|Any CPU
	EndGlobalSection
	GlobalSection(ProjectConfigurationPlatforms) = postSolution
		{D56271C7-A315-4BC1-9528-726D74B91324}.Debug|Any CPU.ActiveCfg = Debug|Any CPU
		{D56271C7-A315-4BC1-9528-726D74B91324}.Debug|Any CPU.Build.0 = Debug|Any CPU
		{D56271C7-A315-4BC1-9528-726D74B91324}.Release|Any CPU.ActiveCfg = Release|Any CPU
		{D56271C7-A315-4BC1-9528-726D74B91324}.Release|Any CPU.Build.0 = Release|Any CPU
	EndGlobalSection
	GlobalSection(SolutionProperties) = preSolution
		HideSolutionNode = FALSE
	EndGlobalSection
	GlobalSection(ExtensibilityGlobals) = postSolution
		SolutionGuid = {B3D81287-2329-4138-B66F-399C2DB7ED5C}
	EndGlobalSection
EndGlobal
